// !$*UTF8*$!
{
	archiveVersion = 1;
	classes = {
	};
	objectVersion = 55;
	objects = {

/* Begin PBXBuildFile section */
		0A79E865AD90A50174E3A4AC /* Pods_TableviewWithoutStroryboard.framework in Frameworks */ = {isa = PBXBuildFile; fileRef = E153F531AAE689FF23F9B5C2 /* Pods_TableviewWithoutStroryboard.framework */; };
		D249A7C02775EA6B00128ADF /* git.gif in Resources */ = {isa = PBXBuildFile; fileRef = D249A7BF2775EA6B00128ADF /* git.gif */; };
		D26F7DD52766560A009467B4 /* AppDelegate.swift in Sources */ = {isa = PBXBuildFile; fileRef = D26F7DD42766560A009467B4 /* AppDelegate.swift */; };
		D26F7DD72766560A009467B4 /* SceneDelegate.swift in Sources */ = {isa = PBXBuildFile; fileRef = D26F7DD62766560A009467B4 /* SceneDelegate.swift */; };
		D26F7DD92766560A009467B4 /* TeachersViewController.swift in Sources */ = {isa = PBXBuildFile; fileRef = D26F7DD82766560A009467B4 /* TeachersViewController.swift */; };
		D26F7DDE2766560C009467B4 /* Assets.xcassets in Resources */ = {isa = PBXBuildFile; fileRef = D26F7DDD2766560C009467B4 /* Assets.xcassets */; };
		D26F7DE12766560C009467B4 /* LaunchScreen.storyboard in Resources */ = {isa = PBXBuildFile; fileRef = D26F7DDF2766560C009467B4 /* LaunchScreen.storyboard */; };
		D26F7DF027665936009467B4 /* Constants.swift in Sources */ = {isa = PBXBuildFile; fileRef = D26F7DEF27665936009467B4 /* Constants.swift */; };
		D26F7DFA27673D54009467B4 /* DetailedInformationViewController.swift in Sources */ = {isa = PBXBuildFile; fileRef = D26F7DF827673D54009467B4 /* DetailedInformationViewController.swift */; };
		D28895EE28060BD00031DC8D /* TeacherTableViewCell.swift in Sources */ = {isa = PBXBuildFile; fileRef = D28895ED28060BD00031DC8D /* TeacherTableViewCell.swift */; };
		D28895F12806163D0031DC8D /* TeacheModel.swift in Sources */ = {isa = PBXBuildFile; fileRef = D28895F02806163D0031DC8D /* TeacheModel.swift */; };
		D28895F3280A0EE20031DC8D /* NewsUIView.swift in Sources */ = {isa = PBXBuildFile; fileRef = D28895F2280A0EE20031DC8D /* NewsUIView.swift */; };
		D28895F5280A12B60031DC8D /* ViewModel.swift in Sources */ = {isa = PBXBuildFile; fileRef = D28895F4280A12B60031DC8D /* ViewModel.swift */; };
		D2CC812E280B6C7200808A86 /* WebView.swift in Sources */ = {isa = PBXBuildFile; fileRef = D2CC812D280B6C7200808A86 /* WebView.swift */; };
		D2EE6E2F27FB712C00438D11 /* MainTabBarController.swift in Sources */ = {isa = PBXBuildFile; fileRef = D2EE6E2E27FB712C00438D11 /* MainTabBarController.swift */; };
		D2EE6E3427FB838000438D11 /* DeveloperViewController.swift in Sources */ = {isa = PBXBuildFile; fileRef = D2EE6E3327FB838000438D11 /* DeveloperViewController.swift */; };
		D2EE6E5E27FCDA9900438D11 /* URL_WORK.swift in Sources */ = {isa = PBXBuildFile; fileRef = D2EE6E5D27FCDA9900438D11 /* URL_WORK.swift */; };
		D2EE6E6A27FFFDB600438D11 /* TestScreen.swift in Sources */ = {isa = PBXBuildFile; fileRef = D2EE6E6927FFFDB600438D11 /* TestScreen.swift */; };
		D2EE6E8E2801CE4900438D11 /* ScheduleViewController.swift in Sources */ = {isa = PBXBuildFile; fileRef = D2EE6E8D2801CE4900438D11 /* ScheduleViewController.swift */; };
/* End PBXBuildFile section */

/* Begin PBXFileReference section */
		3323CE8F55FD8C839E339CAD /* Pods-TableviewWithoutStroryboard.debug.xcconfig */ = {isa = PBXFileReference; includeInIndex = 1; lastKnownFileType = text.xcconfig; name = "Pods-TableviewWithoutStroryboard.debug.xcconfig"; path = "Target Support Files/Pods-TableviewWithoutStroryboard/Pods-TableviewWithoutStroryboard.debug.xcconfig"; sourceTree = "<group>"; };
		A42521F01E47DE137FBB3917 /* Pods-TableviewWithoutStroryboard.release.xcconfig */ = {isa = PBXFileReference; includeInIndex = 1; lastKnownFileType = text.xcconfig; name = "Pods-TableviewWithoutStroryboard.release.xcconfig"; path = "Target Support Files/Pods-TableviewWithoutStroryboard/Pods-TableviewWithoutStroryboard.release.xcconfig"; sourceTree = "<group>"; };
		D249A7BF2775EA6B00128ADF /* git.gif */ = {isa = PBXFileReference; lastKnownFileType = image.gif; path = git.gif; sourceTree = "<group>"; };
		D26F7DD12766560A009467B4 /* TableviewWithoutStroryboard.app */ = {isa = PBXFileReference; explicitFileType = wrapper.application; includeInIndex = 0; path = TableviewWithoutStroryboard.app; sourceTree = BUILT_PRODUCTS_DIR; };
		D26F7DD42766560A009467B4 /* AppDelegate.swift */ = {isa = PBXFileReference; lastKnownFileType = sourcecode.swift; path = AppDelegate.swift; sourceTree = "<group>"; };
		D26F7DD62766560A009467B4 /* SceneDelegate.swift */ = {isa = PBXFileReference; lastKnownFileType = sourcecode.swift; path = SceneDelegate.swift; sourceTree = "<group>"; };
		D26F7DD82766560A009467B4 /* TeachersViewController.swift */ = {isa = PBXFileReference; lastKnownFileType = sourcecode.swift; path = TeachersViewController.swift; sourceTree = "<group>"; };
		D26F7DDD2766560C009467B4 /* Assets.xcassets */ = {isa = PBXFileReference; lastKnownFileType = folder.assetcatalog; path = Assets.xcassets; sourceTree = "<group>"; };
		D26F7DE02766560C009467B4 /* Base */ = {isa = PBXFileReference; lastKnownFileType = file.storyboard; name = Base; path = Base.lproj/LaunchScreen.storyboard; sourceTree = "<group>"; };
		D26F7DE22766560C009467B4 /* Info.plist */ = {isa = PBXFileReference; lastKnownFileType = text.plist.xml; path = Info.plist; sourceTree = "<group>"; };
		D26F7DEF27665936009467B4 /* Constants.swift */ = {isa = PBXFileReference; lastKnownFileType = sourcecode.swift; path = Constants.swift; sourceTree = "<group>"; };
		D26F7DF827673D54009467B4 /* DetailedInformationViewController.swift */ = {isa = PBXFileReference; lastKnownFileType = sourcecode.swift; path = DetailedInformationViewController.swift; sourceTree = "<group>"; };
		D28895ED28060BD00031DC8D /* TeacherTableViewCell.swift */ = {isa = PBXFileReference; lastKnownFileType = sourcecode.swift; path = TeacherTableViewCell.swift; sourceTree = "<group>"; };
		D28895F02806163D0031DC8D /* TeacheModel.swift */ = {isa = PBXFileReference; lastKnownFileType = sourcecode.swift; path = TeacheModel.swift; sourceTree = "<group>"; };
		D28895F2280A0EE20031DC8D /* NewsUIView.swift */ = {isa = PBXFileReference; lastKnownFileType = sourcecode.swift; path = NewsUIView.swift; sourceTree = "<group>"; };
		D28895F4280A12B60031DC8D /* ViewModel.swift */ = {isa = PBXFileReference; lastKnownFileType = sourcecode.swift; path = ViewModel.swift; sourceTree = "<group>"; };
		D2CC812D280B6C7200808A86 /* WebView.swift */ = {isa = PBXFileReference; lastKnownFileType = sourcecode.swift; path = WebView.swift; sourceTree = "<group>"; };
		D2EE6E2C27FB698400438D11 /* README.md */ = {isa = PBXFileReference; lastKnownFileType = net.daringfireball.markdown; path = README.md; sourceTree = "<group>"; };
		D2EE6E2E27FB712C00438D11 /* MainTabBarController.swift */ = {isa = PBXFileReference; lastKnownFileType = sourcecode.swift; path = MainTabBarController.swift; sourceTree = "<group>"; };
		D2EE6E3327FB838000438D11 /* DeveloperViewController.swift */ = {isa = PBXFileReference; lastKnownFileType = sourcecode.swift; path = DeveloperViewController.swift; sourceTree = "<group>"; };
		D2EE6E5D27FCDA9900438D11 /* URL_WORK.swift */ = {isa = PBXFileReference; lastKnownFileType = sourcecode.swift; path = URL_WORK.swift; sourceTree = "<group>"; };
		D2EE6E6927FFFDB600438D11 /* TestScreen.swift */ = {isa = PBXFileReference; lastKnownFileType = sourcecode.swift; path = TestScreen.swift; sourceTree = "<group>"; };
		D2EE6E8D2801CE4900438D11 /* ScheduleViewController.swift */ = {isa = PBXFileReference; lastKnownFileType = sourcecode.swift; path = ScheduleViewController.swift; sourceTree = "<group>"; };
		E153F531AAE689FF23F9B5C2 /* Pods_TableviewWithoutStroryboard.framework */ = {isa = PBXFileReference; explicitFileType = wrapper.framework; includeInIndex = 0; path = Pods_TableviewWithoutStroryboard.framework; sourceTree = BUILT_PRODUCTS_DIR; };
/* End PBXFileReference section */

/* Begin PBXFrameworksBuildPhase section */
		D26F7DCE2766560A009467B4 /* Frameworks */ = {
			isa = PBXFrameworksBuildPhase;
			buildActionMask = 2147483647;
			files = (
				0A79E865AD90A50174E3A4AC /* Pods_TableviewWithoutStroryboard.framework in Frameworks */,
			);
			runOnlyForDeploymentPostprocessing = 0;
		};
/* End PBXFrameworksBuildPhase section */

/* Begin PBXGroup section */
		047E1784C931152188C7C88B /* Frameworks */ = {
			isa = PBXGroup;
			children = (
				E153F531AAE689FF23F9B5C2 /* Pods_TableviewWithoutStroryboard.framework */,
			);
			name = Frameworks;
			sourceTree = "<group>";
		};
		5F83CB08E4687D9E924E113B /* Pods */ = {
			isa = PBXGroup;
			children = (
				3323CE8F55FD8C839E339CAD /* Pods-TableviewWithoutStroryboard.debug.xcconfig */,
				A42521F01E47DE137FBB3917 /* Pods-TableviewWithoutStroryboard.release.xcconfig */,
			);
			path = Pods;
			sourceTree = "<group>";
		};
		D249A7E1277739F800128ADF /* GIF */ = {
			isa = PBXGroup;
			children = (
				D249A7BF2775EA6B00128ADF /* git.gif */,
			);
			path = GIF;
			sourceTree = "<group>";
		};
		D26F7DC82766560A009467B4 = {
			isa = PBXGroup;
			children = (
				D2EE6E2C27FB698400438D11 /* README.md */,
				D26F7DD32766560A009467B4 /* TableviewWithoutStroryboard */,
				D26F7DD22766560A009467B4 /* Products */,
				5F83CB08E4687D9E924E113B /* Pods */,
				047E1784C931152188C7C88B /* Frameworks */,
			);
			sourceTree = "<group>";
		};
		D26F7DD22766560A009467B4 /* Products */ = {
			isa = PBXGroup;
			children = (
				D26F7DD12766560A009467B4 /* TableviewWithoutStroryboard.app */,
			);
			name = Products;
			sourceTree = "<group>";
		};
		D26F7DD32766560A009467B4 /* TableviewWithoutStroryboard */ = {
			isa = PBXGroup;
			children = (
				D2EE6E5B27FCDA5000438D11 /* Helpers */,
				D249A7E1277739F800128ADF /* GIF */,
				D26F7DEC27665743009467B4 /* View */,
				D26F7DEB2766573C009467B4 /* Model */,
				D26F7DEA27665733009467B4 /* Controller */,
				D2A5C120276B052D003038CC /* Image */,
				D26F7DE22766560C009467B4 /* Info.plist */,
				D2A5C121276B053B003038CC /* Constants */,
				D26F7DE927665723009467B4 /* DelegateApp */,
			);
			path = TableviewWithoutStroryboard;
			sourceTree = "<group>";
		};
		D26F7DE927665723009467B4 /* DelegateApp */ = {
			isa = PBXGroup;
			children = (
				D26F7DD42766560A009467B4 /* AppDelegate.swift */,
				D26F7DD62766560A009467B4 /* SceneDelegate.swift */,
			);
			path = DelegateApp;
			sourceTree = "<group>";
		};
		D26F7DEA27665733009467B4 /* Controller */ = {
			isa = PBXGroup;
			children = (
				D2EE6E2D27FB711700438D11 /* TabBar */,
				D2EE6E3227FB82E400438D11 /* Screen */,
			);
			path = Controller;
			sourceTree = "<group>";
		};
		D26F7DEB2766573C009467B4 /* Model */ = {
			isa = PBXGroup;
			children = (
				D28895F02806163D0031DC8D /* TeacheModel.swift */,
			);
			path = Model;
			sourceTree = "<group>";
		};
		D26F7DEC27665743009467B4 /* View */ = {
			isa = PBXGroup;
			children = (
				D26F7DDF2766560C009467B4 /* LaunchScreen.storyboard */,
				D26F7DF327665FA9009467B4 /* CellTableView */,
			);
			path = View;
			sourceTree = "<group>";
		};
		D26F7DF327665FA9009467B4 /* CellTableView */ = {
			isa = PBXGroup;
			children = (
				D28895ED28060BD00031DC8D /* TeacherTableViewCell.swift */,
			);
			path = CellTableView;
			sourceTree = "<group>";
		};
		D2A5C120276B052D003038CC /* Image */ = {
			isa = PBXGroup;
			children = (
				D26F7DDD2766560C009467B4 /* Assets.xcassets */,
			);
			path = Image;
			sourceTree = "<group>";
		};
		D2A5C121276B053B003038CC /* Constants */ = {
			isa = PBXGroup;
			children = (
				D26F7DEF27665936009467B4 /* Constants.swift */,
			);
			path = Constants;
			sourceTree = "<group>";
		};
		D2EE6E2D27FB711700438D11 /* TabBar */ = {
			isa = PBXGroup;
			children = (
				D2EE6E2E27FB712C00438D11 /* MainTabBarController.swift */,
			);
			path = TabBar;
			sourceTree = "<group>";
		};
		D2EE6E3227FB82E400438D11 /* Screen */ = {
			isa = PBXGroup;
			children = (
				D2EE6E5F27FF4CB100438D11 /* News */,
				D2EE6E5A27FCD99D00438D11 /* Schedule */,
				D2EE6E5927FCD97C00438D11 /* Creators */,
				D2EE6E5727FCD8FE00438D11 /* Teacher */,
			);
			path = Screen;
			sourceTree = "<group>";
		};
		D2EE6E5727FCD8FE00438D11 /* Teacher */ = {
			isa = PBXGroup;
			children = (
				D26F7DD82766560A009467B4 /* TeachersViewController.swift */,
				D2EE6E5827FCD91400438D11 /* DetailVC */,
			);
			path = Teacher;
			sourceTree = "<group>";
		};
		D2EE6E5827FCD91400438D11 /* DetailVC */ = {
			isa = PBXGroup;
			children = (
				D26F7DF827673D54009467B4 /* DetailedInformationViewController.swift */,
			);
			path = DetailVC;
			sourceTree = "<group>";
		};
		D2EE6E5927FCD97C00438D11 /* Creators */ = {
			isa = PBXGroup;
			children = (
				D2EE6E3327FB838000438D11 /* DeveloperViewController.swift */,
			);
			path = Creators;
			sourceTree = "<group>";
		};
		D2EE6E5A27FCD99D00438D11 /* Schedule */ = {
			isa = PBXGroup;
			children = (
				D2EE6E6927FFFDB600438D11 /* TestScreen.swift */,
				D2EE6E8D2801CE4900438D11 /* ScheduleViewController.swift */,
			);
			path = Schedule;
			sourceTree = "<group>";
		};
		D2EE6E5B27FCDA5000438D11 /* Helpers */ = {
			isa = PBXGroup;
			children = (
				D2EE6E5C27FCDA5700438D11 /* URL_Manager */,
			);
			path = Helpers;
			sourceTree = "<group>";
		};
		D2EE6E5C27FCDA5700438D11 /* URL_Manager */ = {
			isa = PBXGroup;
			children = (
				D2EE6E5D27FCDA9900438D11 /* URL_WORK.swift */,
			);
			path = URL_Manager;
			sourceTree = "<group>";
		};
		D2EE6E5F27FF4CB100438D11 /* News */ = {
			isa = PBXGroup;
			children = (
				D28895F2280A0EE20031DC8D /* NewsUIView.swift */,
				D28895F4280A12B60031DC8D /* ViewModel.swift */,
				D2CC812D280B6C7200808A86 /* WebView.swift */,
			);
			path = News;
			sourceTree = "<group>";
		};
/* End PBXGroup section */

/* Begin PBXNativeTarget section */
		D26F7DD02766560A009467B4 /* TableviewWithoutStroryboard */ = {
			isa = PBXNativeTarget;
			buildConfigurationList = D26F7DE52766560C009467B4 /* Build configuration list for PBXNativeTarget "TableviewWithoutStroryboard" */;
			buildPhases = (
				C17583B25E7BB0CD6285127E /* [CP] Check Pods Manifest.lock */,
				D26F7DCD2766560A009467B4 /* Sources */,
				D26F7DCE2766560A009467B4 /* Frameworks */,
				D26F7DCF2766560A009467B4 /* Resources */,
				817103021A24A07308C2E5BA /* [CP] Embed Pods Frameworks */,
			);
			buildRules = (
			);
			dependencies = (
			);
			name = TableviewWithoutStroryboard;
			productName = TableviewWithoutStroryboard;
			productReference = D26F7DD12766560A009467B4 /* TableviewWithoutStroryboard.app */;
			productType = "com.apple.product-type.application";
		};
/* End PBXNativeTarget section */

/* Begin PBXProject section */
		D26F7DC92766560A009467B4 /* Project object */ = {
			isa = PBXProject;
			attributes = {
				BuildIndependentTargetsInParallel = 1;
				LastSwiftUpdateCheck = 1310;
				LastUpgradeCheck = 1310;
				TargetAttributes = {
					D26F7DD02766560A009467B4 = {
						CreatedOnToolsVersion = 13.1;
					};
				};
			};
			buildConfigurationList = D26F7DCC2766560A009467B4 /* Build configuration list for PBXProject "TableviewWithoutStroryboard" */;
			compatibilityVersion = "Xcode 13.0";
			developmentRegion = en;
			hasScannedForEncodings = 0;
			knownRegions = (
				en,
				Base,
			);
			mainGroup = D26F7DC82766560A009467B4;
			productRefGroup = D26F7DD22766560A009467B4 /* Products */;
			projectDirPath = "";
			projectRoot = "";
			targets = (
				D26F7DD02766560A009467B4 /* TableviewWithoutStroryboard */,
			);
		};
/* End PBXProject section */

/* Begin PBXResourcesBuildPhase section */
		D26F7DCF2766560A009467B4 /* Resources */ = {
			isa = PBXResourcesBuildPhase;
			buildActionMask = 2147483647;
			files = (
				D249A7C02775EA6B00128ADF /* git.gif in Resources */,
				D26F7DE12766560C009467B4 /* LaunchScreen.storyboard in Resources */,
				D26F7DDE2766560C009467B4 /* Assets.xcassets in Resources */,
			);
			runOnlyForDeploymentPostprocessing = 0;
		};
/* End PBXResourcesBuildPhase section */

/* Begin PBXShellScriptBuildPhase section */
		817103021A24A07308C2E5BA /* [CP] Embed Pods Frameworks */ = {
			isa = PBXShellScriptBuildPhase;
			buildActionMask = 2147483647;
			files = (
			);
			inputFileListPaths = (
				"${PODS_ROOT}/Target Support Files/Pods-TableviewWithoutStroryboard/Pods-TableviewWithoutStroryboard-frameworks-${CONFIGURATION}-input-files.xcfilelist",
			);
			name = "[CP] Embed Pods Frameworks";
			outputFileListPaths = (
				"${PODS_ROOT}/Target Support Files/Pods-TableviewWithoutStroryboard/Pods-TableviewWithoutStroryboard-frameworks-${CONFIGURATION}-output-files.xcfilelist",
			);
			runOnlyForDeploymentPostprocessing = 0;
			shellPath = /bin/sh;
			shellScript = "\"${PODS_ROOT}/Target Support Files/Pods-TableviewWithoutStroryboard/Pods-TableviewWithoutStroryboard-frameworks.sh\"\n";
			showEnvVarsInLog = 0;
		};
		C17583B25E7BB0CD6285127E /* [CP] Check Pods Manifest.lock */ = {
			isa = PBXShellScriptBuildPhase;
			buildActionMask = 2147483647;
			files = (
			);
			inputFileListPaths = (
			);
			inputPaths = (
				"${PODS_PODFILE_DIR_PATH}/Podfile.lock",
				"${PODS_ROOT}/Manifest.lock",
			);
			name = "[CP] Check Pods Manifest.lock";
			outputFileListPaths = (
			);
			outputPaths = (
				"$(DERIVED_FILE_DIR)/Pods-TableviewWithoutStroryboard-checkManifestLockResult.txt",
			);
			runOnlyForDeploymentPostprocessing = 0;
			shellPath = /bin/sh;
			shellScript = "diff \"${PODS_PODFILE_DIR_PATH}/Podfile.lock\" \"${PODS_ROOT}/Manifest.lock\" > /dev/null\nif [ $? != 0 ] ; then\n    # print error to STDERR\n    echo \"error: The sandbox is not in sync with the Podfile.lock. Run 'pod install' or update your CocoaPods installation.\" >&2\n    exit 1\nfi\n# This output is used by Xcode 'outputs' to avoid re-running this script phase.\necho \"SUCCESS\" > \"${SCRIPT_OUTPUT_FILE_0}\"\n";
			showEnvVarsInLog = 0;
		};
/* End PBXShellScriptBuildPhase section */

/* Begin PBXSourcesBuildPhase section */
		D26F7DCD2766560A009467B4 /* Sources */ = {
			isa = PBXSourcesBuildPhase;
			buildActionMask = 2147483647;
			files = (
				D2EE6E3427FB838000438D11 /* DeveloperViewController.swift in Sources */,
				D28895EE28060BD00031DC8D /* TeacherTableViewCell.swift in Sources */,
				D26F7DF027665936009467B4 /* Constants.swift in Sources */,
				D2EE6E8E2801CE4900438D11 /* ScheduleViewController.swift in Sources */,
				D2EE6E2F27FB712C00438D11 /* MainTabBarController.swift in Sources */,
				D26F7DFA27673D54009467B4 /* DetailedInformationViewController.swift in Sources */,
				D2CC812E280B6C7200808A86 /* WebView.swift in Sources */,
				D28895F5280A12B60031DC8D /* ViewModel.swift in Sources */,
				D26F7DD92766560A009467B4 /* TeachersViewController.swift in Sources */,
				D2EE6E5E27FCDA9900438D11 /* URL_WORK.swift in Sources */,
				D28895F3280A0EE20031DC8D /* NewsUIView.swift in Sources */,
				D28895F12806163D0031DC8D /* TeacheModel.swift in Sources */,
				D2EE6E6A27FFFDB600438D11 /* TestScreen.swift in Sources */,
				D26F7DD52766560A009467B4 /* AppDelegate.swift in Sources */,
				D26F7DD72766560A009467B4 /* SceneDelegate.swift in Sources */,
			);
			runOnlyForDeploymentPostprocessing = 0;
		};
/* End PBXSourcesBuildPhase section */

/* Begin PBXVariantGroup section */
		D26F7DDF2766560C009467B4 /* LaunchScreen.storyboard */ = {
			isa = PBXVariantGroup;
			children = (
				D26F7DE02766560C009467B4 /* Base */,
			);
			name = LaunchScreen.storyboard;
			sourceTree = "<group>";
		};
/* End PBXVariantGroup section */

/* Begin XCBuildConfiguration section */
		D26F7DE32766560C009467B4 /* Debug */ = {
			isa = XCBuildConfiguration;
			buildSettings = {
				ALWAYS_SEARCH_USER_PATHS = NO;
				CLANG_ANALYZER_NONNULL = YES;
				CLANG_ANALYZER_NUMBER_OBJECT_CONVERSION = YES_AGGRESSIVE;
				CLANG_CXX_LANGUAGE_STANDARD = "gnu++17";
				CLANG_CXX_LIBRARY = "libc++";
				CLANG_ENABLE_MODULES = YES;
				CLANG_ENABLE_OBJC_ARC = YES;
				CLANG_ENABLE_OBJC_WEAK = YES;
				CLANG_WARN_BLOCK_CAPTURE_AUTORELEASING = YES;
				CLANG_WARN_BOOL_CONVERSION = YES;
				CLANG_WARN_COMMA = YES;
				CLANG_WARN_CONSTANT_CONVERSION = YES;
				CLANG_WARN_DEPRECATED_OBJC_IMPLEMENTATIONS = YES;
				CLANG_WARN_DIRECT_OBJC_ISA_USAGE = YES_ERROR;
				CLANG_WARN_DOCUMENTATION_COMMENTS = YES;
				CLANG_WARN_EMPTY_BODY = YES;
				CLANG_WARN_ENUM_CONVERSION = YES;
				CLANG_WARN_INFINITE_RECURSION = YES;
				CLANG_WARN_INT_CONVERSION = YES;
				CLANG_WARN_NON_LITERAL_NULL_CONVERSION = YES;
				CLANG_WARN_OBJC_IMPLICIT_RETAIN_SELF = YES;
				CLANG_WARN_OBJC_LITERAL_CONVERSION = YES;
				CLANG_WARN_OBJC_ROOT_CLASS = YES_ERROR;
				CLANG_WARN_QUOTED_INCLUDE_IN_FRAMEWORK_HEADER = YES;
				CLANG_WARN_RANGE_LOOP_ANALYSIS = YES;
				CLANG_WARN_STRICT_PROTOTYPES = YES;
				CLANG_WARN_SUSPICIOUS_MOVE = YES;
				CLANG_WARN_UNGUARDED_AVAILABILITY = YES_AGGRESSIVE;
				CLANG_WARN_UNREACHABLE_CODE = YES;
				CLANG_WARN__DUPLICATE_METHOD_MATCH = YES;
				COPY_PHASE_STRIP = NO;
				DEBUG_INFORMATION_FORMAT = dwarf;
				ENABLE_STRICT_OBJC_MSGSEND = YES;
				ENABLE_TESTABILITY = YES;
				GCC_C_LANGUAGE_STANDARD = gnu11;
				GCC_DYNAMIC_NO_PIC = NO;
				GCC_NO_COMMON_BLOCKS = YES;
				GCC_OPTIMIZATION_LEVEL = 0;
				GCC_PREPROCESSOR_DEFINITIONS = (
					"DEBUG=1",
					"$(inherited)",
				);
				GCC_WARN_64_TO_32_BIT_CONVERSION = YES;
				GCC_WARN_ABOUT_RETURN_TYPE = YES_ERROR;
				GCC_WARN_UNDECLARED_SELECTOR = YES;
				GCC_WARN_UNINITIALIZED_AUTOS = YES_AGGRESSIVE;
				GCC_WARN_UNUSED_FUNCTION = YES;
				GCC_WARN_UNUSED_VARIABLE = YES;
				IPHONEOS_DEPLOYMENT_TARGET = 15.0;
				MTL_ENABLE_DEBUG_INFO = INCLUDE_SOURCE;
				MTL_FAST_MATH = YES;
				ONLY_ACTIVE_ARCH = YES;
				SDKROOT = iphoneos;
				SWIFT_ACTIVE_COMPILATION_CONDITIONS = DEBUG;
				SWIFT_OPTIMIZATION_LEVEL = "-Onone";
			};
			name = Debug;
		};
		D26F7DE42766560C009467B4 /* Release */ = {
			isa = XCBuildConfiguration;
			buildSettings = {
				ALWAYS_SEARCH_USER_PATHS = NO;
				CLANG_ANALYZER_NONNULL = YES;
				CLANG_ANALYZER_NUMBER_OBJECT_CONVERSION = YES_AGGRESSIVE;
				CLANG_CXX_LANGUAGE_STANDARD = "gnu++17";
				CLANG_CXX_LIBRARY = "libc++";
				CLANG_ENABLE_MODULES = YES;
				CLANG_ENABLE_OBJC_ARC = YES;
				CLANG_ENABLE_OBJC_WEAK = YES;
				CLANG_WARN_BLOCK_CAPTURE_AUTORELEASING = YES;
				CLANG_WARN_BOOL_CONVERSION = YES;
				CLANG_WARN_COMMA = YES;
				CLANG_WARN_CONSTANT_CONVERSION = YES;
				CLANG_WARN_DEPRECATED_OBJC_IMPLEMENTATIONS = YES;
				CLANG_WARN_DIRECT_OBJC_ISA_USAGE = YES_ERROR;
				CLANG_WARN_DOCUMENTATION_COMMENTS = YES;
				CLANG_WARN_EMPTY_BODY = YES;
				CLANG_WARN_ENUM_CONVERSION = YES;
				CLANG_WARN_INFINITE_RECURSION = YES;
				CLANG_WARN_INT_CONVERSION = YES;
				CLANG_WARN_NON_LITERAL_NULL_CONVERSION = YES;
				CLANG_WARN_OBJC_IMPLICIT_RETAIN_SELF = YES;
				CLANG_WARN_OBJC_LITERAL_CONVERSION = YES;
				CLANG_WARN_OBJC_ROOT_CLASS = YES_ERROR;
				CLANG_WARN_QUOTED_INCLUDE_IN_FRAMEWORK_HEADER = YES;
				CLANG_WARN_RANGE_LOOP_ANALYSIS = YES;
				CLANG_WARN_STRICT_PROTOTYPES = YES;
				CLANG_WARN_SUSPICIOUS_MOVE = YES;
				CLANG_WARN_UNGUARDED_AVAILABILITY = YES_AGGRESSIVE;
				CLANG_WARN_UNREACHABLE_CODE = YES;
				CLANG_WARN__DUPLICATE_METHOD_MATCH = YES;
				COPY_PHASE_STRIP = NO;
				DEBUG_INFORMATION_FORMAT = "dwarf-with-dsym";
				ENABLE_NS_ASSERTIONS = NO;
				ENABLE_STRICT_OBJC_MSGSEND = YES;
				GCC_C_LANGUAGE_STANDARD = gnu11;
				GCC_NO_COMMON_BLOCKS = YES;
				GCC_WARN_64_TO_32_BIT_CONVERSION = YES;
				GCC_WARN_ABOUT_RETURN_TYPE = YES_ERROR;
				GCC_WARN_UNDECLARED_SELECTOR = YES;
				GCC_WARN_UNINITIALIZED_AUTOS = YES_AGGRESSIVE;
				GCC_WARN_UNUSED_FUNCTION = YES;
				GCC_WARN_UNUSED_VARIABLE = YES;
				IPHONEOS_DEPLOYMENT_TARGET = 15.0;
				MTL_ENABLE_DEBUG_INFO = NO;
				MTL_FAST_MATH = YES;
				SDKROOT = iphoneos;
				SWIFT_COMPILATION_MODE = wholemodule;
				SWIFT_OPTIMIZATION_LEVEL = "-O";
				VALIDATE_PRODUCT = YES;
			};
			name = Release;
		};
		D26F7DE62766560C009467B4 /* Debug */ = {
			isa = XCBuildConfiguration;
			baseConfigurationReference = 3323CE8F55FD8C839E339CAD /* Pods-TableviewWithoutStroryboard.debug.xcconfig */;
			buildSettings = {
				ASSETCATALOG_COMPILER_APPICON_NAME = AppIcon;
				ASSETCATALOG_COMPILER_GLOBAL_ACCENT_COLOR_NAME = AccentColor;
				CODE_SIGN_STYLE = Automatic;
				CURRENT_PROJECT_VERSION = 1;
				DEVELOPMENT_TEAM = UJ8B9FFXUA;
				GENERATE_INFOPLIST_FILE = YES;
				INFOPLIST_FILE = TableviewWithoutStroryboard/Info.plist;
				INFOPLIST_KEY_UIApplicationSupportsIndirectInputEvents = YES;
				INFOPLIST_KEY_UILaunchStoryboardName = LaunchScreen;
				INFOPLIST_KEY_UISupportedInterfaceOrientations = UIInterfaceOrientationPortrait;
				INFOPLIST_KEY_UISupportedInterfaceOrientations_iPad = "UIInterfaceOrientationPortrait UIInterfaceOrientationPortraitUpsideDown UIInterfaceOrientationLandscapeLeft UIInterfaceOrientationLandscapeRight";
				INFOPLIST_KEY_UISupportedInterfaceOrientations_iPhone = "UIInterfaceOrientationPortrait UIInterfaceOrientationLandscapeLeft UIInterfaceOrientationLandscapeRight";
				LD_RUNPATH_SEARCH_PATHS = (
					"$(inherited)",
					"@executable_path/Frameworks",
				);
				MARKETING_VERSION = 1.0;
				PRODUCT_BUNDLE_IDENTIFIER = kiko.TableviewWithoutStroryboard;
				PRODUCT_NAME = "$(TARGET_NAME)";
				SWIFT_EMIT_LOC_STRINGS = YES;
				SWIFT_VERSION = 5.0;
				TARGETED_DEVICE_FAMILY = 1;
			};
			name = Debug;
		};
		D26F7DE72766560C009467B4 /* Release */ = {
			isa = XCBuildConfiguration;
			baseConfigurationReference = A42521F01E47DE137FBB3917 /* Pods-TableviewWithoutStroryboard.release.xcconfig */;
			buildSettings = {
				ASSETCATALOG_COMPILER_APPICON_NAME = AppIcon;
				ASSETCATALOG_COMPILER_GLOBAL_ACCENT_COLOR_NAME = AccentColor;
				CODE_SIGN_STYLE = Automatic;
				CURRENT_PROJECT_VERSION = 1;
				DEVELOPMENT_TEAM = UJ8B9FFXUA;
				GENERATE_INFOPLIST_FILE = YES;
				INFOPLIST_FILE = TableviewWithoutStroryboard/Info.plist;
				INFOPLIST_KEY_UIApplicationSupportsIndirectInputEvents = YES;
				INFOPLIST_KEY_UILaunchStoryboardName = LaunchScreen;
				INFOPLIST_KEY_UISupportedInterfaceOrientations = UIInterfaceOrientationPortrait;
				INFOPLIST_KEY_UISupportedInterfaceOrientations_iPad = "UIInterfaceOrientationPortrait UIInterfaceOrientationPortraitUpsideDown UIInterfaceOrientationLandscapeLeft UIInterfaceOrientationLandscapeRight";
				INFOPLIST_KEY_UISupportedInterfaceOrientations_iPhone = "UIInterfaceOrientationPortrait UIInterfaceOrientationLandscapeLeft UIInterfaceOrientationLandscapeRight";
				LD_RUNPATH_SEARCH_PATHS = (
					"$(inherited)",
					"@executable_path/Frameworks",
				);
				MARKETING_VERSION = 1.0;
				PRODUCT_BUNDLE_IDENTIFIER = kiko.TableviewWithoutStroryboard;
				PRODUCT_NAME = "$(TARGET_NAME)";
				SWIFT_EMIT_LOC_STRINGS = YES;
				SWIFT_VERSION = 5.0;
				TARGETED_DEVICE_FAMILY = 1;
			};
			name = Release;
		};
/* End XCBuildConfiguration section */

/* Begin XCConfigurationList section */
		D26F7DCC2766560A009467B4 /* Build configuration list for PBXProject "TableviewWithoutStroryboard" */ = {
			isa = XCConfigurationList;
			buildConfigurations = (
				D26F7DE32766560C009467B4 /* Debug */,
				D26F7DE42766560C009467B4 /* Release */,
			);
			defaultConfigurationIsVisible = 0;
			defaultConfigurationName = Release;
		};
		D26F7DE52766560C009467B4 /* Build configuration list for PBXNativeTarget "TableviewWithoutStroryboard" */ = {
			isa = XCConfigurationList;
			buildConfigurations = (
				D26F7DE62766560C009467B4 /* Debug */,
				D26F7DE72766560C009467B4 /* Release */,
			);
			defaultConfigurationIsVisible = 0;
			defaultConfigurationName = Release;
		};
/* End XCConfigurationList section */
	};
	rootObject = D26F7DC92766560A009467B4 /* Project object */;
}
